{
  "name": "my_chromeextension",
  "lockfileVersion": 3,
  "requires": true,
  "packages": {
    "": {
      "dependencies": {
        "@vladmandic/face-api": "^1.7.13"
      }
    },
    "node_modules/@vladmandic/face-api": {
      "version": "1.7.13",
      "resolved": "https://registry.npmjs.org/@vladmandic/face-api/-/face-api-1.7.13.tgz",
      "integrity": "sha512-tYSXcM/46lJe1T2AuEf+yR0+2Qwtj7uy0HJRprBlp5IXzGCqqA3EGxefymaRhNwPaJqHBUIqpGydMlwwjlgX0Q==",
      "license": "MIT",
      "engines": {
        "node": ">=14.0.0"
      }
    }
  }
}
